PODS:
  - Alamofire (4.9.0)
  - Differentiator (4.0.1)
  - GRDB.swift (4.5.0):
    - GRDB.swift/standard (= 4.5.0)
  - GRDB.swift/standard (4.5.0)
  - Kingfisher (5.9.0):
    - Kingfisher/Core (= 5.9.0)
  - Kingfisher/Core (5.9.0)
  - RxAlamofire (5.1.0):
    - RxAlamofire/Core (= 5.1.0)
  - RxAlamofire/Core (5.1.0):
    - Alamofire (~> 4.8)
    - RxSwift (~> 5.0)
  - RxCocoa (5.0.0):
    - RxRelay (~> 5)
    - RxSwift (~> 5)
  - RxDataSources (4.0.1):
    - Differentiator (~> 4.0)
    - RxCocoa (~> 5.0)
    - RxSwift (~> 5.0)
  - RxRelay (5.0.0):
    - RxSwift (~> 5)
  - RxSwift (5.0.0)

DEPENDENCIES:
  - GRDB.swift
  - Kingfisher (~> 5.0)
  - RxAlamofire
  - RxCocoa (~> 5)
  - RxDataSources (~> 4.0)
  - RxSwift (~> 5)

SPEC REPOS:
  https://github.com/cocoapods/specs.git:
    - Alamofire
    - Differentiator
    - GRDB.swift
    - Kingfisher
    - RxAlamofire
    - RxCocoa
    - RxDataSources
    - RxRelay
    - RxSwift

SPEC CHECKSUMS:
  Alamofire: afc3e7c6db61476cb45cdd23fed06bad03bbc321
  Differentiator: 886080237d9f87f322641dedbc5be257061b0602
  GRDB.swift: f9c4cabfb4d1266685e80b1f6ea433eb61c7950c
  Kingfisher: ff98240aebb7302bdc4f1ecd701761030ce18b16
  RxAlamofire: a2d7621de4c23a0c6e7b476b504acc32838ee341
  RxCocoa: fcf32050ac00d801f34a7f71d5e8e7f23026dcd8
  RxDataSources: efee07fa4de48477eca0a4611e6d11e2da9c1114
  RxRelay: 4f7409406a51a55cd88483f21ed898c234d60f18
  RxSwift: 8b0671caa829a763bbce7271095859121cbd895f

PODFILE CHECKSUM: cdcdb11804055ae5fe846de707d61f474d18856d

COCOAPODS: 1.7.5
